// !$*UTF8*$!
{
	archiveVersion = 1;
	classes = {
	};
	objectVersion = 46;
	objects = {

/* Begin PBXBuildFile section */
		AD1B94821A44DB9500AB4449 /* main.m in Sources */ = {isa = PBXBuildFile; fileRef = AD1B94811A44DB9500AB4449 /* main.m */; };
		AD1B94851A44DB9500AB4449 /* AppDelegate.m in Sources */ = {isa = PBXBuildFile; fileRef = AD1B94841A44DB9500AB4449 /* AppDelegate.m */; };
		AD1B94881A44DB9500AB4449 /* ViewController.m in Sources */ = {isa = PBXBuildFile; fileRef = AD1B94871A44DB9500AB4449 /* ViewController.m */; };
		AD1B948B1A44DB9500AB4449 /* Main.storyboard in Resources */ = {isa = PBXBuildFile; fileRef = AD1B94891A44DB9500AB4449 /* Main.storyboard */; };
		AD1B948D1A44DB9500AB4449 /* Images.xcassets in Resources */ = {isa = PBXBuildFile; fileRef = AD1B948C1A44DB9500AB4449 /* Images.xcassets */; };
		AD1B94901A44DB9500AB4449 /* LaunchScreen.xib in Resources */ = {isa = PBXBuildFile; fileRef = AD1B948E1A44DB9500AB4449 /* LaunchScreen.xib */; };
		AD1B949C1A44DB9600AB4449 /* BookClubTests.m in Sources */ = {isa = PBXBuildFile; fileRef = AD1B949B1A44DB9600AB4449 /* BookClubTests.m */; };
		ADD1AEC41A44E2380016669B /* TableViewController.m in Sources */ = {isa = PBXBuildFile; fileRef = ADD1AEC31A44E2380016669B /* TableViewController.m */; };
		ADD1AEC71A44E8200016669B /* BookView.m in Sources */ = {isa = PBXBuildFile; fileRef = ADD1AEC61A44E8200016669B /* BookView.m */; };
/* End PBXBuildFile section */

/* Begin PBXContainerItemProxy section */
		AD1B94961A44DB9600AB4449 /* PBXContainerItemProxy */ = {
			isa = PBXContainerItemProxy;
			containerPortal = AD1B94741A44DB9500AB4449 /* Project object */;
			proxyType = 1;
			remoteGlobalIDString = AD1B947B1A44DB9500AB4449;
			remoteInfo = BookClub;
		};
/* End PBXContainerItemProxy section */

/* Begin PBXFileReference section */
		AD1B947C1A44DB9500AB4449 /* BookClub.app */ = {isa = PBXFileReference; explicitFileType = wrapper.application; includeInIndex = 0; path = BookClub.app; sourceTree = BUILT_PRODUCTS_DIR; };
		AD1B94801A44DB9500AB4449 /* Info.plist */ = {isa = PBXFileReference; lastKnownFileType = text.plist.xml; path = Info.plist; sourceTree = "<group>"; };
		AD1B94811A44DB9500AB4449 /* main.m */ = {isa = PBXFileReference; lastKnownFileType = sourcecode.c.objc; path = main.m; sourceTree = "<group>"; };
		AD1B94831A44DB9500AB4449 /* AppDelegate.h */ = {isa = PBXFileReference; lastKnownFileType = sourcecode.c.h; path = AppDelegate.h; sourceTree = "<group>"; };
		AD1B94841A44DB9500AB4449 /* AppDelegate.m */ = {isa = PBXFileReference; lastKnownFileType = sourcecode.c.objc; path = AppDelegate.m; sourceTree = "<group>"; };
		AD1B94861A44DB9500AB4449 /* ViewController.h */ = {isa = PBXFileReference; lastKnownFileType = sourcecode.c.h; path = ViewController.h; sourceTree = "<group>"; };
		AD1B94871A44DB9500AB4449 /* ViewController.m */ = {isa = PBXFileReference; lastKnownFileType = sourcecode.c.objc; path = ViewController.m; sourceTree = "<group>"; };
		AD1B948A1A44DB9500AB4449 /* Base */ = {isa = PBXFileReference; lastKnownFileType = file.storyboard; name = Base; path = Base.lproj/Main.storyboard; sourceTree = "<group>"; };
		AD1B948C1A44DB9500AB4449 /* Images.xcassets */ = {isa = PBXFileReference; lastKnownFileType = folder.assetcatalog; path = Images.xcassets; sourceTree = "<group>"; };
		AD1B948F1A44DB9500AB4449 /* Base */ = {isa = PBXFileReference; lastKnownFileType = file.xib; name = Base; path = Base.lproj/LaunchScreen.xib; sourceTree = "<group>"; };
		AD1B94951A44DB9600AB4449 /* BookClubTests.xctest */ = {isa = PBXFileReference; explicitFileType = wrapper.cfbundle; includeInIndex = 0; path = BookClubTests.xctest; sourceTree = BUILT_PRODUCTS_DIR; };
		AD1B949A1A44DB9600AB4449 /* Info.plist */ = {isa = PBXFileReference; lastKnownFileType = text.plist.xml; path = Info.plist; sourceTree = "<group>"; };
		AD1B949B1A44DB9600AB4449 /* BookClubTests.m */ = {isa = PBXFileReference; lastKnownFileType = sourcecode.c.objc; path = BookClubTests.m; sourceTree = "<group>"; };
		ADD1AEC21A44E2380016669B /* TableViewController.h */ = {isa = PBXFileReference; fileEncoding = 4; lastKnownFileType = sourcecode.c.h; path = TableViewController.h; sourceTree = "<group>"; };
		ADD1AEC31A44E2380016669B /* TableViewController.m */ = {isa = PBXFileReference; fileEncoding = 4; lastKnownFileType = sourcecode.c.objc; path = TableViewController.m; sourceTree = "<group>"; };
		ADD1AEC51A44E8200016669B /* BookView.h */ = {isa = PBXFileReference; fileEncoding = 4; lastKnownFileType = sourcecode.c.h; path = BookView.h; sourceTree = "<group>"; };
		ADD1AEC61A44E8200016669B /* BookView.m */ = {isa = PBXFileReference; fileEncoding = 4; lastKnownFileType = sourcecode.c.objc; path = BookView.m; sourceTree = "<group>"; };
/* End PBXFileReference section */

/* Begin PBXFrameworksBuildPhase section */
		AD1B94791A44DB9500AB4449 /* Frameworks */ = {
			isa = PBXFrameworksBuildPhase;
			buildActionMask = 2147483647;
			files = (
			);
			runOnlyForDeploymentPostprocessing = 0;
		};
		AD1B94921A44DB9600AB4449 /* Frameworks */ = {
			isa = PBXFrameworksBuildPhase;
			buildActionMask = 2147483647;
			files = (
			);
			runOnlyForDeploymentPostprocessing = 0;
		};
/* End PBXFrameworksBuildPhase section */

/* Begin PBXGroup section */
		AD1B94731A44DB9500AB4449 = {
			isa = PBXGroup;
			children = (
				AD1B947E1A44DB9500AB4449 /* BookClub */,
				AD1B94981A44DB9600AB4449 /* BookClubTests */,
				AD1B947D1A44DB9500AB4449 /* Products */,
			);
			sourceTree = "<group>";
		};
		AD1B947D1A44DB9500AB4449 /* Products */ = {
			isa = PBXGroup;
			children = (
				AD1B947C1A44DB9500AB4449 /* BookClub.app */,
				AD1B94951A44DB9600AB4449 /* BookClubTests.xctest */,
			);
			name = Products;
			sourceTree = "<group>";
		};
		AD1B947E1A44DB9500AB4449 /* BookClub */ = {
			isa = PBXGroup;
			children = (
				AD1B94831A44DB9500AB4449 /* AppDelegate.h */,
				AD1B94841A44DB9500AB4449 /* AppDelegate.m */,
				AD1B94861A44DB9500AB4449 /* ViewController.h */,
				AD1B94871A44DB9500AB4449 /* ViewController.m */,
				ADD1AEC51A44E8200016669B /* BookView.h */,
				ADD1AEC61A44E8200016669B /* BookView.m */,
				AD1B94891A44DB9500AB4449 /* Main.storyboard */,
				ADD1AEC21A44E2380016669B /* TableViewController.h */,
				ADD1AEC31A44E2380016669B /* TableViewController.m */,
				AD1B948C1A44DB9500AB4449 /* Images.xcassets */,
				AD1B948E1A44DB9500AB4449 /* LaunchScreen.xib */,
				AD1B947F1A44DB9500AB4449 /* Supporting Files */,
			);
			path = BookClub;
			sourceTree = "<group>";
		};
		AD1B947F1A44DB9500AB4449 /* Supporting Files */ = {
			isa = PBXGroup;
			children = (
				AD1B94801A44DB9500AB4449 /* Info.plist */,
				AD1B94811A44DB9500AB4449 /* main.m */,
			);
			name = "Supporting Files";
			sourceTree = "<group>";
		};
		AD1B94981A44DB9600AB4449 /* BookClubTests */ = {
			isa = PBXGroup;
			children = (
				AD1B949B1A44DB9600AB4449 /* BookClubTests.m */,
				AD1B94991A44DB9600AB4449 /* Supporting Files */,
			);
			path = BookClubTests;
			sourceTree = "<group>";
		};
		AD1B94991A44DB9600AB4449 /* Supporting Files */ = {
			isa = PBXGroup;
			children = (
				AD1B949A1A44DB9600AB4449 /* Info.plist */,
			);
			name = "Supporting Files";
			sourceTree = "<group>";
		};
/* End PBXGroup section */

/* Begin PBXNativeTarget section */
		AD1B947B1A44DB9500AB4449 /* BookClub */ = {
			isa = PBXNativeTarget;
			buildConfigurationList = AD1B949F1A44DB9600AB4449 /* Build configuration list for PBXNativeTarget "BookClub" */;
			buildPhases = (
				AD1B94781A44DB9500AB4449 /* Sources */,
				AD1B94791A44DB9500AB4449 /* Frameworks */,
				AD1B947A1A44DB9500AB4449 /* Resources */,
			);
			buildRules = (
			);
			dependencies = (
			);
			name = BookClub;
			productName = BookClub;
			productReference = AD1B947C1A44DB9500AB4449 /* BookClub.app */;
			productType = "com.apple.product-type.application";
		};
		AD1B94941A44DB9600AB4449 /* BookClubTests */ = {
			isa = PBXNativeTarget;
			buildConfigurationList = AD1B94A21A44DB9600AB4449 /* Build configuration list for PBXNativeTarget "BookClubTests" */;
			buildPhases = (
				AD1B94911A44DB9600AB4449 /* Sources */,
				AD1B94921A44DB9600AB4449 /* Frameworks */,
				AD1B94931A44DB9600AB4449 /* Resources */,
			);
			buildRules = (
			);
			dependencies = (
				AD1B94971A44DB9600AB4449 /* PBXTargetDependency */,
			);
			name = BookClubTests;
			productName = BookClubTests;
			productReference = AD1B94951A44DB9600AB4449 /* BookClubTests.xctest */;
			productType = "com.apple.product-type.bundle.unit-test";
		};
/* End PBXNativeTarget section */

/* Begin PBXProject section */
		AD1B94741A44DB9500AB4449 /* Project object */ = {
			isa = PBXProject;
			attributes = {
				LastUpgradeCheck = 0610;
				ORGANIZATIONNAME = vientapps;
				TargetAttributes = {
					AD1B947B1A44DB9500AB4449 = {
						CreatedOnToolsVersion = 6.1.1;
					};
					AD1B94941A44DB9600AB4449 = {
						CreatedOnToolsVersion = 6.1.1;
						TestTargetID = AD1B947B1A44DB9500AB4449;
					};
				};
			};
			buildConfigurationList = AD1B94771A44DB9500AB4449 /* Build configuration list for PBXProject "BookClub" */;
			compatibilityVersion = "Xcode 3.2";
			developmentRegion = English;
			hasScannedForEncodings = 0;
			knownRegions = (
				en,
				Base,
			);
			mainGroup = AD1B94731A44DB9500AB4449;
			productRefGroup = AD1B947D1A44DB9500AB4449 /* Products */;
			projectDirPath = "";
			projectRoot = "";
			targets = (
				AD1B947B1A44DB9500AB4449 /* BookClub */,
				AD1B94941A44DB9600AB4449 /* BookClubTests */,
			);
		};
/* End PBXProject section */

/* Begin PBXResourcesBuildPhase section */
		AD1B947A1A44DB9500AB4449 /* Resources */ = {
			isa = PBXResourcesBuildPhase;
			buildActionMask = 2147483647;
			files = (
				AD1B948B1A44DB9500AB4449 /* Main.storyboard in Resources */,
				AD1B94901A44DB9500AB4449 /* LaunchScreen.xib in Resources */,
				AD1B948D1A44DB9500AB4449 /* Images.xcassets in Resources */,
			);
			runOnlyForDeploymentPostprocessing = 0;
		};
		AD1B94931A44DB9600AB4449 /* Resources */ = {
			isa = PBXResourcesBuildPhase;
			buildActionMask = 2147483647;
			files = (
			);
			runOnlyForDeploymentPostprocessing = 0;
		};
/* End PBXResourcesBuildPhase section */

/* Begin PBXSourcesBuildPhase section */
		AD1B94781A44DB9500AB4449 /* Sources */ = {
			isa = PBXSourcesBuildPhase;
			buildActionMask = 2147483647;
			files = (
				AD1B94881A44DB9500AB4449 /* ViewController.m in Sources */,
				AD1B94851A44DB9500AB4449 /* AppDelegate.m in Sources */,
				AD1B94821A44DB9500AB4449 /* main.m in Sources */,
				ADD1AEC71A44E8200016669B /* BookView.m in Sources */,
				ADD1AEC41A44E2380016669B /* TableViewController.m in Sources */,
			);
			runOnlyForDeploymentPostprocessing = 0;
		};
		AD1B94911A44DB9600AB4449 /* Sources */ = {
			isa = PBXSourcesBuildPhase;
			buildActionMask = 2147483647;
			files = (
				AD1B949C1A44DB9600AB4449 /* BookClubTests.m in Sources */,
			);
			runOnlyForDeploymentPostprocessing = 0;
		};
/* End PBXSourcesBuildPhase section */

/* Begin PBXTargetDependency section */
		AD1B94971A44DB9600AB4449 /* PBXTargetDependency */ = {
			isa = PBXTargetDependency;
			target = AD1B947B1A44DB9500AB4449 /* BookClub */;
			targetProxy = AD1B94961A44DB9600AB4449 /* PBXContainerItemProxy */;
		};
/* End PBXTargetDependency section */

/* Begin PBXVariantGroup section */
		AD1B94891A44DB9500AB4449 /* Main.storyboard */ = {
			isa = PBXVariantGroup;
			children = (
				AD1B948A1A44DB9500AB4449 /* Base */,
			);
			name = Main.storyboard;
			sourceTree = "<group>";
		};
		AD1B948E1A44DB9500AB4449 /* LaunchScreen.xib */ = {
			isa = PBXVariantGroup;
			children = (
				AD1B948F1A44DB9500AB4449 /* Base */,
			);
			name = LaunchScreen.xib;
			sourceTree = "<group>";
		};
/* End PBXVariantGroup section */

/* Begin XCBuildConfiguration section */
		AD1B949D1A44DB9600AB4449 /* Debug */ = {
			isa = XCBuildConfiguration;
			buildSettings = {
				ALWAYS_SEARCH_USER_PATHS = NO;
				CLANG_CXX_LANGUAGE_STANDARD = "gnu++0x";
				CLANG_CXX_LIBRARY = "libc++";
				CLANG_ENABLE_MODULES = YES;
				CLANG_ENABLE_OBJC_ARC = YES;
				CLANG_WARN_BOOL_CONVERSION = YES;
				CLANG_WARN_CONSTANT_CONVERSION = YES;
				CLANG_WARN_DIRECT_OBJC_ISA_USAGE = YES_ERROR;
				CLANG_WARN_EMPTY_BODY = YES;
				CLANG_WARN_ENUM_CONVERSION = YES;
				CLANG_WARN_INT_CONVERSION = YES;
				CLANG_WARN_OBJC_ROOT_CLASS = YES_ERROR;
				CLANG_WARN_UNREACHABLE_CODE = YES;
				CLANG_WARN__DUPLICATE_METHOD_MATCH = YES;
				"CODE_SIGN_IDENTITY[sdk=iphoneos*]" = "iPhone Developer";
				COPY_PHASE_STRIP = NO;
				ENABLE_STRICT_OBJC_MSGSEND = YES;
				GCC_C_LANGUAGE_STANDARD = gnu99;
				GCC_DYNAMIC_NO_PIC = NO;
				GCC_OPTIMIZATION_LEVEL = 0;
				GCC_PREPROCESSOR_DEFINITIONS = (
					"DEBUG=1",
					"$(inherited)",
				);
				GCC_SYMBOLS_PRIVATE_EXTERN = NO;
				GCC_WARN_64_TO_32_BIT_CONVERSION = YES;
				GCC_WARN_ABOUT_RETURN_TYPE = YES_ERROR;
				GCC_WARN_UNDECLARED_SELECTOR = YES;
				GCC_WARN_UNINITIALIZED_AUTOS = YES_AGGRESSIVE;
				GCC_WARN_UNUSED_FUNCTION = YES;
				GCC_WARN_UNUSED_VARIABLE = YES;
				IPHONEOS_DEPLOYMENT_TARGET = 8.1;
				MTL_ENABLE_DEBUG_INFO = YES;
				ONLY_ACTIVE_ARCH = YES;
				SDKROOT = iphoneos;
				TARGETED_DEVICE_FAMILY = "1,2";
			};
			name = Debug;
		};
		AD1B949E1A44DB9600AB4449 /* Release */ = {
			isa = XCBuildConfiguration;
			buildSettings = {
				ALWAYS_SEARCH_USER_PATHS = NO;
				CLANG_CXX_LANGUAGE_STANDARD = "gnu++0x";
				CLANG_CXX_LIBRARY = "libc++";
				CLANG_ENABLE_MODULES = YES;
				CLANG_ENABLE_OBJC_ARC = YES;
				CLANG_WARN_BOOL_CONVERSION = YES;
				CLANG_WARN_CONSTANT_CONVERSION = YES;
				CLANG_WARN_DIRECT_OBJC_ISA_USAGE = YES_ERROR;
				CLANG_WARN_EMPTY_BODY = YES;
				CLANG_WARN_ENUM_CONVERSION = YES;
				CLANG_WARN_INT_CONVERSION = YES;
				CLANG_WARN_OBJC_ROOT_CLASS = YES_ERROR;
				CLANG_WARN_UNREACHABLE_CODE = YES;
				CLANG_WARN__DUPLICATE_METHOD_MATCH = YES;
				"CODE_SIGN_IDENTITY[sdk=iphoneos*]" = "iPhone Developer";
				COPY_PHASE_STRIP = YES;
				ENABLE_NS_ASSERTIONS = NO;
				ENABLE_STRICT_OBJC_MSGSEND = YES;
				GCC_C_LANGUAGE_STANDARD = gnu99;
				GCC_WARN_64_TO_32_BIT_CONVERSION = YES;
				GCC_WARN_ABOUT_RETURN_TYPE = YES_ERROR;
				GCC_WARN_UNDECLARED_SELECTOR = YES;
				GCC_WARN_UNINITIALIZED_AUTOS = YES_AGGRESSIVE;
				GCC_WARN_UNUSED_FUNCTION = YES;
				GCC_WARN_UNUSED_VARIABLE = YES;
				IPHONEOS_DEPLOYMENT_TARGET = 8.1;
				MTL_ENABLE_DEBUG_INFO = NO;
				SDKROOT = iphoneos;
				TARGETED_DEVICE_FAMILY = "1,2";
				VALIDATE_PRODUCT = YES;
			};
			name = Release;
		};
		AD1B94A01A44DB9600AB4449 /* Debug */ = {
			isa = XCBuildConfiguration;
			buildSettings = {
				ASSETCATALOG_COMPILER_APPICON_NAME = AppIcon;
				INFOPLIST_FILE = BookClub/Info.plist;
				LD_RUNPATH_SEARCH_PATHS = "$(inherited) @executable_path/Frameworks";
				PRODUCT_NAME = "$(TARGET_NAME)";
			};
			name = Debug;
		};
		AD1B94A11A44DB9600AB4449 /* Release */ = {
			isa = XCBuildConfiguration;
			buildSettings = {
				ASSETCATALOG_COMPILER_APPICON_NAME = AppIcon;
				INFOPLIST_FILE = BookClub/Info.plist;
				LD_RUNPATH_SEARCH_PATHS = "$(inherited) @executable_path/Frameworks";
				PRODUCT_NAME = "$(TARGET_NAME)";
			};
			name = Release;
		};
		AD1B94A31A44DB9600AB4449 /* Debug */ = {
			isa = XCBuildConfiguration;
			buildSettings = {
				BUNDLE_LOADER = "$(TEST_HOST)";
				FRAMEWORK_SEARCH_PATHS = (
					"$(SDKROOT)/Developer/Library/Frameworks",
					"$(inherited)",
				);
				GCC_PREPROCESSOR_DEFINITIONS = (
					"DEBUG=1",
					"$(inherited)",
				);
				INFOPLIST_FILE = BookClubTests/Info.plist;
				LD_RUNPATH_SEARCH_PATHS = "$(inherited) @executable_path/Frameworks @loader_path/Frameworks";
				PRODUCT_NAME = "$(TARGET_NAME)";
				TEST_HOST = "$(BUILT_PRODUCTS_DIR)/BookClub.app/BookClub";
			};
			name = Debug;
		};
		AD1B94A41A44DB9600AB4449 /* Release */ = {
			isa = XCBuildConfiguration;
			buildSettings = {
				BUNDLE_LOADER = "$(TEST_HOST)";
				FRAMEWORK_SEARCH_PATHS = (
					"$(SDKROOT)/Developer/Library/Frameworks",
					"$(inherited)",
				);
				INFOPLIST_FILE = BookClubTests/Info.plist;
				LD_RUNPATH_SEARCH_PATHS = "$(inherited) @executable_path/Frameworks @loader_path/Frameworks";
				PRODUCT_NAME = "$(TARGET_NAME)";
				TEST_HOST = "$(BUILT_PRODUCTS_DIR)/BookClub.app/BookClub";
			};
			name = Release;
		};
/* End XCBuildConfiguration section */

/* Begin XCConfigurationList section */
		AD1B94771A44DB9500AB4449 /* Build configuration list for PBXProject "BookClub" */ = {
			isa = XCConfigurationList;
			buildConfigurations = (
				AD1B949D1A44DB9600AB4449 /* Debug */,
				AD1B949E1A44DB9600AB4449 /* Release */,
			);
			defaultConfigurationIsVisible = 0;
			defaultConfigurationName = Release;
		};
		AD1B949F1A44DB9600AB4449 /* Build configuration list for PBXNativeTarget "BookClub" */ = {
			isa = XCConfigurationList;
			buildConfigurations = (
				AD1B94A01A44DB9600AB4449 /* Debug */,
				AD1B94A11A44DB9600AB4449 /* Release */,
			);
			defaultConfigurationIsVisible = 0;
			defaultConfigurationName = Release;
		};
		AD1B94A21A44DB9600AB4449 /* Build configuration list for PBXNativeTarget "BookClubTests" */ = {
			isa = XCConfigurationList;
			buildConfigurations = (
				AD1B94A31A44DB9600AB4449 /* Debug */,
				AD1B94A41A44DB9600AB4449 /* Release */,
			);
			defaultConfigurationIsVisible = 0;
			defaultConfigurationName = Release;
		};
/* End XCConfigurationList section */
	};
	rootObject = AD1B94741A44DB9500AB4449 /* Project object */;
}
